// !$*UTF8*$!
{
	archiveVersion = 1;
	classes = {
	};
	objectVersion = 50;
	objects = {

/* Begin PBXBuildFile section */
		36100EE72228F8600069036C /* ChatMessageCell.swift in Sources */ = {isa = PBXBuildFile; fileRef = 36100EE62228F8600069036C /* ChatMessageCell.swift */; };
		3651A670222529A200185647 /* Message.swift in Sources */ = {isa = PBXBuildFile; fileRef = 3651A66F222529A200185647 /* Message.swift */; };
		3651A67322266C9B00185647 /* UserCell.swift in Sources */ = {isa = PBXBuildFile; fileRef = 3651A67222266C9B00185647 /* UserCell.swift */; };
		366C414922534C3C00101446 /* GoogleService-Info.plist in Resources */ = {isa = PBXBuildFile; fileRef = 366C414822534C3C00101446 /* GoogleService-Info.plist */; };
		369ABF4E220E8E1D00363286 /* AppDelegate.swift in Sources */ = {isa = PBXBuildFile; fileRef = 369ABF4D220E8E1D00363286 /* AppDelegate.swift */; };
		369ABF50220E8E1D00363286 /* MessagesController.swift in Sources */ = {isa = PBXBuildFile; fileRef = 369ABF4F220E8E1D00363286 /* MessagesController.swift */; };
		369ABF55220E8E1D00363286 /* Assets.xcassets in Resources */ = {isa = PBXBuildFile; fileRef = 369ABF54220E8E1D00363286 /* Assets.xcassets */; };
		369ABF58220E8E1D00363286 /* LaunchScreen.storyboard in Resources */ = {isa = PBXBuildFile; fileRef = 369ABF56220E8E1D00363286 /* LaunchScreen.storyboard */; };
		369ABF64220ED0F600363286 /* LoginRegisterController.swift in Sources */ = {isa = PBXBuildFile; fileRef = 369ABF63220ED0F600363286 /* LoginRegisterController.swift */; };
		369ABF6A220ED2C500363286 /* UIKit+MyChatApp.swift in Sources */ = {isa = PBXBuildFile; fileRef = 369ABF69220ED2C500363286 /* UIKit+MyChatApp.swift */; };
		36BC1C162223F6520083210E /* ChatLogController.swift in Sources */ = {isa = PBXBuildFile; fileRef = 36BC1C152223F6520083210E /* ChatLogController.swift */; };
		36D988FC221426E700751C3E /* NewMessageController.swift in Sources */ = {isa = PBXBuildFile; fileRef = 36D988FB221426E700751C3E /* NewMessageController.swift */; };
		36D988FF22142F2E00751C3E /* User.swift in Sources */ = {isa = PBXBuildFile; fileRef = 36D988FE22142F2E00751C3E /* User.swift */; };
		7FFEFE84594502A17D74DF4B /* Pods_MyChatApp.framework in Frameworks */ = {isa = PBXBuildFile; fileRef = C98C40C14749031C04E440A3 /* Pods_MyChatApp.framework */; };
/* End PBXBuildFile section */

/* Begin PBXFileReference section */
		36100EE62228F8600069036C /* ChatMessageCell.swift */ = {isa = PBXFileReference; lastKnownFileType = sourcecode.swift; path = ChatMessageCell.swift; sourceTree = "<group>"; };
		3651A66F222529A200185647 /* Message.swift */ = {isa = PBXFileReference; lastKnownFileType = sourcecode.swift; path = Message.swift; sourceTree = "<group>"; };
		3651A67222266C9B00185647 /* UserCell.swift */ = {isa = PBXFileReference; lastKnownFileType = sourcecode.swift; path = UserCell.swift; sourceTree = "<group>"; };
		366C414822534C3C00101446 /* GoogleService-Info.plist */ = {isa = PBXFileReference; fileEncoding = 4; lastKnownFileType = text.plist.xml; path = "GoogleService-Info.plist"; sourceTree = "<group>"; };
		369ABF4A220E8E1D00363286 /* MyChatApp.app */ = {isa = PBXFileReference; explicitFileType = wrapper.application; includeInIndex = 0; path = MyChatApp.app; sourceTree = BUILT_PRODUCTS_DIR; };
		369ABF4D220E8E1D00363286 /* AppDelegate.swift */ = {isa = PBXFileReference; lastKnownFileType = sourcecode.swift; path = AppDelegate.swift; sourceTree = "<group>"; };
		369ABF4F220E8E1D00363286 /* MessagesController.swift */ = {isa = PBXFileReference; lastKnownFileType = sourcecode.swift; path = MessagesController.swift; sourceTree = "<group>"; };
		369ABF54220E8E1D00363286 /* Assets.xcassets */ = {isa = PBXFileReference; lastKnownFileType = folder.assetcatalog; path = Assets.xcassets; sourceTree = "<group>"; };
		369ABF57220E8E1D00363286 /* Base */ = {isa = PBXFileReference; lastKnownFileType = file.storyboard; name = Base; path = Base.lproj/LaunchScreen.storyboard; sourceTree = "<group>"; };
		369ABF59220E8E1D00363286 /* Info.plist */ = {isa = PBXFileReference; lastKnownFileType = text.plist.xml; path = Info.plist; sourceTree = "<group>"; };
		369ABF63220ED0F600363286 /* LoginRegisterController.swift */ = {isa = PBXFileReference; lastKnownFileType = sourcecode.swift; path = LoginRegisterController.swift; sourceTree = "<group>"; };
		369ABF69220ED2C500363286 /* UIKit+MyChatApp.swift */ = {isa = PBXFileReference; lastKnownFileType = sourcecode.swift; path = "UIKit+MyChatApp.swift"; sourceTree = "<group>"; };
		36BC1C152223F6520083210E /* ChatLogController.swift */ = {isa = PBXFileReference; lastKnownFileType = sourcecode.swift; path = ChatLogController.swift; sourceTree = "<group>"; };
		36D988FB221426E700751C3E /* NewMessageController.swift */ = {isa = PBXFileReference; lastKnownFileType = sourcecode.swift; path = NewMessageController.swift; sourceTree = "<group>"; };
		36D988FE22142F2E00751C3E /* User.swift */ = {isa = PBXFileReference; lastKnownFileType = sourcecode.swift; path = User.swift; sourceTree = "<group>"; };
		77C07655FA93E9B02C11B362 /* Pods-MyChatApp.debug.xcconfig */ = {isa = PBXFileReference; includeInIndex = 1; lastKnownFileType = text.xcconfig; name = "Pods-MyChatApp.debug.xcconfig"; path = "Pods/Target Support Files/Pods-MyChatApp/Pods-MyChatApp.debug.xcconfig"; sourceTree = "<group>"; };
		C98C40C14749031C04E440A3 /* Pods_MyChatApp.framework */ = {isa = PBXFileReference; explicitFileType = wrapper.framework; includeInIndex = 0; path = Pods_MyChatApp.framework; sourceTree = BUILT_PRODUCTS_DIR; };
		E5767A2A676F327CE073283D /* Pods-MyChatApp.release.xcconfig */ = {isa = PBXFileReference; includeInIndex = 1; lastKnownFileType = text.xcconfig; name = "Pods-MyChatApp.release.xcconfig"; path = "Pods/Target Support Files/Pods-MyChatApp/Pods-MyChatApp.release.xcconfig"; sourceTree = "<group>"; };
/* End PBXFileReference section */

/* Begin PBXFrameworksBuildPhase section */
		369ABF47220E8E1D00363286 /* Frameworks */ = {
			isa = PBXFrameworksBuildPhase;
			buildActionMask = 2147483647;
			files = (
				7FFEFE84594502A17D74DF4B /* Pods_MyChatApp.framework in Frameworks */,
			);
			runOnlyForDeploymentPostprocessing = 0;
		};
/* End PBXFrameworksBuildPhase section */

/* Begin PBXGroup section */
		3651A67122266C5300185647 /* Views */ = {
			isa = PBXGroup;
			children = (
				3651A67222266C9B00185647 /* UserCell.swift */,
				36100EE62228F8600069036C /* ChatMessageCell.swift */,
			);
			path = Views;
			sourceTree = "<group>";
		};
		369ABF41220E8E1D00363286 = {
			isa = PBXGroup;
			children = (
				369ABF4C220E8E1D00363286 /* MyChatApp */,
				369ABF4B220E8E1D00363286 /* Products */,
				A5DEC52C2FC3A157DCD30D56 /* Pods */,
				93196A4CE51FC9F56AE99FAE /* Frameworks */,
			);
			sourceTree = "<group>";
		};
		369ABF4B220E8E1D00363286 /* Products */ = {
			isa = PBXGroup;
			children = (
				369ABF4A220E8E1D00363286 /* MyChatApp.app */,
			);
			name = Products;
			sourceTree = "<group>";
		};
		369ABF4C220E8E1D00363286 /* MyChatApp */ = {
			isa = PBXGroup;
			children = (
				369ABF66220ED13900363286 /* Sources */,
				369ABF67220ED14700363286 /* Resources */,
				369ABF56220E8E1D00363286 /* LaunchScreen.storyboard */,
			);
			path = MyChatApp;
			sourceTree = "<group>";
		};
		369ABF65220ED11E00363286 /* Controllers */ = {
			isa = PBXGroup;
			children = (
				369ABF63220ED0F600363286 /* LoginRegisterController.swift */,
				369ABF4F220E8E1D00363286 /* MessagesController.swift */,
				36D988FB221426E700751C3E /* NewMessageController.swift */,
				36BC1C152223F6520083210E /* ChatLogController.swift */,
			);
			path = Controllers;
			sourceTree = "<group>";
		};
		369ABF66220ED13900363286 /* Sources */ = {
			isa = PBXGroup;
			children = (
				369ABF68220ED15900363286 /* Shared */,
				36D988FD22142F1F00751C3E /* Models */,
				3651A67122266C5300185647 /* Views */,
				369ABF65220ED11E00363286 /* Controllers */,
			);
			path = Sources;
			sourceTree = "<group>";
		};
		369ABF67220ED14700363286 /* Resources */ = {
			isa = PBXGroup;
			children = (
				366C414822534C3C00101446 /* GoogleService-Info.plist */,
				369ABF54220E8E1D00363286 /* Assets.xcassets */,
				369ABF59220E8E1D00363286 /* Info.plist */,
			);
			path = Resources;
			sourceTree = "<group>";
		};
		369ABF68220ED15900363286 /* Shared */ = {
			isa = PBXGroup;
			children = (
				369ABF4D220E8E1D00363286 /* AppDelegate.swift */,
				369ABF69220ED2C500363286 /* UIKit+MyChatApp.swift */,
			);
			path = Shared;
			sourceTree = "<group>";
		};
		36D988FD22142F1F00751C3E /* Models */ = {
			isa = PBXGroup;
			children = (
				36D988FE22142F2E00751C3E /* User.swift */,
				3651A66F222529A200185647 /* Message.swift */,
			);
			path = Models;
			sourceTree = "<group>";
		};
		93196A4CE51FC9F56AE99FAE /* Frameworks */ = {
			isa = PBXGroup;
			children = (
				C98C40C14749031C04E440A3 /* Pods_MyChatApp.framework */,
			);
			name = Frameworks;
			sourceTree = "<group>";
		};
		A5DEC52C2FC3A157DCD30D56 /* Pods */ = {
			isa = PBXGroup;
			children = (
				77C07655FA93E9B02C11B362 /* Pods-MyChatApp.debug.xcconfig */,
				E5767A2A676F327CE073283D /* Pods-MyChatApp.release.xcconfig */,
			);
			name = Pods;
			sourceTree = "<group>";
		};
/* End PBXGroup section */

/* Begin PBXNativeTarget section */
		369ABF49220E8E1D00363286 /* MyChatApp */ = {
			isa = PBXNativeTarget;
			buildConfigurationList = 369ABF5C220E8E1D00363286 /* Build configuration list for PBXNativeTarget "MyChatApp" */;
			buildPhases = (
				EEBFDA18E12DA6A6507736A0 /* [CP] Check Pods Manifest.lock */,
				369ABF46220E8E1D00363286 /* Sources */,
				369ABF47220E8E1D00363286 /* Frameworks */,
				369ABF48220E8E1D00363286 /* Resources */,
				1FA054720B4C751AA6220D8F /* [CP] Embed Pods Frameworks */,
			);
			buildRules = (
			);
			dependencies = (
			);
			name = MyChatApp;
			productName = MyChatApp;
			productReference = 369ABF4A220E8E1D00363286 /* MyChatApp.app */;
			productType = "com.apple.product-type.application";
		};
/* End PBXNativeTarget section */

/* Begin PBXProject section */
		369ABF42220E8E1D00363286 /* Project object */ = {
			isa = PBXProject;
			attributes = {
				LastSwiftUpdateCheck = 1010;
				LastUpgradeCheck = 1010;
				ORGANIZATIONNAME = jinuman;
				TargetAttributes = {
					369ABF49220E8E1D00363286 = {
						CreatedOnToolsVersion = 10.1;
						LastSwiftMigration = 1020;
					};
				};
			};
			buildConfigurationList = 369ABF45220E8E1D00363286 /* Build configuration list for PBXProject "MyChatApp" */;
			compatibilityVersion = "Xcode 9.3";
			developmentRegion = en;
			hasScannedForEncodings = 0;
			knownRegions = (
				en,
				Base,
			);
			mainGroup = 369ABF41220E8E1D00363286;
			productRefGroup = 369ABF4B220E8E1D00363286 /* Products */;
			projectDirPath = "";
			projectRoot = "";
			targets = (
				369ABF49220E8E1D00363286 /* MyChatApp */,
			);
		};
/* End PBXProject section */

/* Begin PBXResourcesBuildPhase section */
		369ABF48220E8E1D00363286 /* Resources */ = {
			isa = PBXResourcesBuildPhase;
			buildActionMask = 2147483647;
			files = (
				369ABF58220E8E1D00363286 /* LaunchScreen.storyboard in Resources */,
				369ABF55220E8E1D00363286 /* Assets.xcassets in Resources */,
				366C414922534C3C00101446 /* GoogleService-Info.plist in Resources */,
			);
			runOnlyForDeploymentPostprocessing = 0;
		};
/* End PBXResourcesBuildPhase section */

/* Begin PBXShellScriptBuildPhase section */
		1FA054720B4C751AA6220D8F /* [CP] Embed Pods Frameworks */ = {
			isa = PBXShellScriptBuildPhase;
			buildActionMask = 2147483647;
			files = (
			);
			inputPaths = (
				"${PODS_ROOT}/Target Support Files/Pods-MyChatApp/Pods-MyChatApp-frameworks.sh",
				"${BUILT_PRODUCTS_DIR}/GTMSessionFetcher/GTMSessionFetcher.framework",
				"${BUILT_PRODUCTS_DIR}/GoogleUtilities/GoogleUtilities.framework",
				"${BUILT_PRODUCTS_DIR}/leveldb-library/leveldb.framework",
				"${BUILT_PRODUCTS_DIR}/nanopb/nanopb.framework",
			);
			name = "[CP] Embed Pods Frameworks";
			outputPaths = (
				"${TARGET_BUILD_DIR}/${FRAMEWORKS_FOLDER_PATH}/GTMSessionFetcher.framework",
				"${TARGET_BUILD_DIR}/${FRAMEWORKS_FOLDER_PATH}/GoogleUtilities.framework",
				"${TARGET_BUILD_DIR}/${FRAMEWORKS_FOLDER_PATH}/leveldb.framework",
				"${TARGET_BUILD_DIR}/${FRAMEWORKS_FOLDER_PATH}/nanopb.framework",
			);
			runOnlyForDeploymentPostprocessing = 0;
			shellPath = /bin/sh;
			shellScript = "\"${PODS_ROOT}/Target Support Files/Pods-MyChatApp/Pods-MyChatApp-frameworks.sh\"\n";
			showEnvVarsInLog = 0;
		};
		EEBFDA18E12DA6A6507736A0 /* [CP] Check Pods Manifest.lock */ = {
			isa = PBXShellScriptBuildPhase;
			buildActionMask = 2147483647;
			files = (
			);
			inputPaths = (
				"${PODS_PODFILE_DIR_PATH}/Podfile.lock",
				"${PODS_ROOT}/Manifest.lock",
			);
			name = "[CP] Check Pods Manifest.lock";
			outputPaths = (
				"$(DERIVED_FILE_DIR)/Pods-MyChatApp-checkManifestLockResult.txt",
			);
			runOnlyForDeploymentPostprocessing = 0;
			shellPath = /bin/sh;
			shellScript = "diff \"${PODS_PODFILE_DIR_PATH}/Podfile.lock\" \"${PODS_ROOT}/Manifest.lock\" > /dev/null\nif [ $? != 0 ] ; then\n    # print error to STDERR\n    echo \"error: The sandbox is not in sync with the Podfile.lock. Run 'pod install' or update your CocoaPods installation.\" >&2\n    exit 1\nfi\n# This output is used by Xcode 'outputs' to avoid re-running this script phase.\necho \"SUCCESS\" > \"${SCRIPT_OUTPUT_FILE_0}\"\n";
			showEnvVarsInLog = 0;
		};
/* End PBXShellScriptBuildPhase section */

/* Begin PBXSourcesBuildPhase section */
		369ABF46220E8E1D00363286 /* Sources */ = {
			isa = PBXSourcesBuildPhase;
			buildActionMask = 2147483647;
			files = (
				36BC1C162223F6520083210E /* ChatLogController.swift in Sources */,
				369ABF6A220ED2C500363286 /* UIKit+MyChatApp.swift in Sources */,
				36D988FC221426E700751C3E /* NewMessageController.swift in Sources */,
				3651A670222529A200185647 /* Message.swift in Sources */,
				36D988FF22142F2E00751C3E /* User.swift in Sources */,
				369ABF64220ED0F600363286 /* LoginRegisterController.swift in Sources */,
				36100EE72228F8600069036C /* ChatMessageCell.swift in Sources */,
				369ABF50220E8E1D00363286 /* MessagesController.swift in Sources */,
				3651A67322266C9B00185647 /* UserCell.swift in Sources */,
				369ABF4E220E8E1D00363286 /* AppDelegate.swift in Sources */,
			);
			runOnlyForDeploymentPostprocessing = 0;
		};
/* End PBXSourcesBuildPhase section */

/* Begin PBXVariantGroup section */
		369ABF56220E8E1D00363286 /* LaunchScreen.storyboard */ = {
			isa = PBXVariantGroup;
			children = (
				369ABF57220E8E1D00363286 /* Base */,
			);
			name = LaunchScreen.storyboard;
			sourceTree = "<group>";
		};
/* End PBXVariantGroup section */

/* Begin XCBuildConfiguration section */
		369ABF5A220E8E1D00363286 /* Debug */ = {
			isa = XCBuildConfiguration;
			buildSettings = {
				ALWAYS_SEARCH_USER_PATHS = NO;
				CLANG_ANALYZER_NONNULL = YES;
				CLANG_ANALYZER_NUMBER_OBJECT_CONVERSION = YES_AGGRESSIVE;
				CLANG_CXX_LANGUAGE_STANDARD = "gnu++14";
				CLANG_CXX_LIBRARY = "libc++";
				CLANG_ENABLE_MODULES = YES;
				CLANG_ENABLE_OBJC_ARC = YES;
				CLANG_ENABLE_OBJC_WEAK = YES;
				CLANG_WARN_BLOCK_CAPTURE_AUTORELEASING = YES;
				CLANG_WARN_BOOL_CONVERSION = YES;
				CLANG_WARN_COMMA = YES;
				CLANG_WARN_CONSTANT_CONVERSION = YES;
				CLANG_WARN_DEPRECATED_OBJC_IMPLEMENTATIONS = YES;
				CLANG_WARN_DIRECT_OBJC_ISA_USAGE = YES_ERROR;
				CLANG_WARN_DOCUMENTATION_COMMENTS = YES;
				CLANG_WARN_EMPTY_BODY = YES;
				CLANG_WARN_ENUM_CONVERSION = YES;
				CLANG_WARN_INFINITE_RECURSION = YES;
				CLANG_WARN_INT_CONVERSION = YES;
				CLANG_WARN_NON_LITERAL_NULL_CONVERSION = YES;
				CLANG_WARN_OBJC_IMPLICIT_RETAIN_SELF = YES;
				CLANG_WARN_OBJC_LITERAL_CONVERSION = YES;
				CLANG_WARN_OBJC_ROOT_CLASS = YES_ERROR;
				CLANG_WARN_RANGE_LOOP_ANALYSIS = YES;
				CLANG_WARN_STRICT_PROTOTYPES = YES;
				CLANG_WARN_SUSPICIOUS_MOVE = YES;
				CLANG_WARN_UNGUARDED_AVAILABILITY = YES_AGGRESSIVE;
				CLANG_WARN_UNREACHABLE_CODE = YES;
				CLANG_WARN__DUPLICATE_METHOD_MATCH = YES;
				CODE_SIGN_IDENTITY = "iPhone Developer";
				COPY_PHASE_STRIP = NO;
				DEBUG_INFORMATION_FORMAT = dwarf;
				ENABLE_STRICT_OBJC_MSGSEND = YES;
				ENABLE_TESTABILITY = YES;
				GCC_C_LANGUAGE_STANDARD = gnu11;
				GCC_DYNAMIC_NO_PIC = NO;
				GCC_NO_COMMON_BLOCKS = YES;
				GCC_OPTIMIZATION_LEVEL = 0;
				GCC_PREPROCESSOR_DEFINITIONS = (
					"DEBUG=1",
					"$(inherited)",
				);
				GCC_WARN_64_TO_32_BIT_CONVERSION = YES;
				GCC_WARN_ABOUT_RETURN_TYPE = YES_ERROR;
				GCC_WARN_UNDECLARED_SELECTOR = YES;
				GCC_WARN_UNINITIALIZED_AUTOS = YES_AGGRESSIVE;
				GCC_WARN_UNUSED_FUNCTION = YES;
				GCC_WARN_UNUSED_VARIABLE = YES;
				IPHONEOS_DEPLOYMENT_TARGET = 12.1;
				MTL_ENABLE_DEBUG_INFO = INCLUDE_SOURCE;
				MTL_FAST_MATH = YES;
				ONLY_ACTIVE_ARCH = YES;
				SDKROOT = iphoneos;
				SWIFT_ACTIVE_COMPILATION_CONDITIONS = DEBUG;
				SWIFT_OPTIMIZATION_LEVEL = "-Onone";
			};
			name = Debug;
		};
		369ABF5B220E8E1D00363286 /* Release */ = {
			isa = XCBuildConfiguration;
			buildSettings = {
				ALWAYS_SEARCH_USER_PATHS = NO;
				CLANG_ANALYZER_NONNULL = YES;
				CLANG_ANALYZER_NUMBER_OBJECT_CONVERSION = YES_AGGRESSIVE;
				CLANG_CXX_LANGUAGE_STANDARD = "gnu++14";
				CLANG_CXX_LIBRARY = "libc++";
				CLANG_ENABLE_MODULES = YES;
				CLANG_ENABLE_OBJC_ARC = YES;
				CLANG_ENABLE_OBJC_WEAK = YES;
				CLANG_WARN_BLOCK_CAPTURE_AUTORELEASING = YES;
				CLANG_WARN_BOOL_CONVERSION = YES;
				CLANG_WARN_COMMA = YES;
				CLANG_WARN_CONSTANT_CONVERSION = YES;
				CLANG_WARN_DEPRECATED_OBJC_IMPLEMENTATIONS = YES;
				CLANG_WARN_DIRECT_OBJC_ISA_USAGE = YES_ERROR;
				CLANG_WARN_DOCUMENTATION_COMMENTS = YES;
				CLANG_WARN_EMPTY_BODY = YES;
				CLANG_WARN_ENUM_CONVERSION = YES;
				CLANG_WARN_INFINITE_RECURSION = YES;
				CLANG_WARN_INT_CONVERSION = YES;
				CLANG_WARN_NON_LITERAL_NULL_CONVERSION = YES;
				CLANG_WARN_OBJC_IMPLICIT_RETAIN_SELF = YES;
				CLANG_WARN_OBJC_LITERAL_CONVERSION = YES;
				CLANG_WARN_OBJC_ROOT_CLASS = YES_ERROR;
				CLANG_WARN_RANGE_LOOP_ANALYSIS = YES;
				CLANG_WARN_STRICT_PROTOTYPES = YES;
				CLANG_WARN_SUSPICIOUS_MOVE = YES;
				CLANG_WARN_UNGUARDED_AVAILABILITY = YES_AGGRESSIVE;
				CLANG_WARN_UNREACHABLE_CODE = YES;
				CLANG_WARN__DUPLICATE_METHOD_MATCH = YES;
				CODE_SIGN_IDENTITY = "iPhone Developer";
				COPY_PHASE_STRIP = NO;
				DEBUG_INFORMATION_FORMAT = "dwarf-with-dsym";
				ENABLE_NS_ASSERTIONS = NO;
				ENABLE_STRICT_OBJC_MSGSEND = YES;
				GCC_C_LANGUAGE_STANDARD = gnu11;
				GCC_NO_COMMON_BLOCKS = YES;
				GCC_WARN_64_TO_32_BIT_CONVERSION = YES;
				GCC_WARN_ABOUT_RETURN_TYPE = YES_ERROR;
				GCC_WARN_UNDECLARED_SELECTOR = YES;
				GCC_WARN_UNINITIALIZED_AUTOS = YES_AGGRESSIVE;
				GCC_WARN_UNUSED_FUNCTION = YES;
				GCC_WARN_UNUSED_VARIABLE = YES;
				IPHONEOS_DEPLOYMENT_TARGET = 12.1;
				MTL_ENABLE_DEBUG_INFO = NO;
				MTL_FAST_MATH = YES;
				SDKROOT = iphoneos;
				SWIFT_COMPILATION_MODE = wholemodule;
				SWIFT_OPTIMIZATION_LEVEL = "-O";
				VALIDATE_PRODUCT = YES;
			};
			name = Release;
		};
		369ABF5D220E8E1D00363286 /* Debug */ = {
			isa = XCBuildConfiguration;
			baseConfigurationReference = 77C07655FA93E9B02C11B362 /* Pods-MyChatApp.debug.xcconfig */;
			buildSettings = {
				ASSETCATALOG_COMPILER_APPICON_NAME = AppIcon;
				CODE_SIGN_STYLE = Automatic;
				DEVELOPMENT_TEAM = K27KLZMF6K;
				INFOPLIST_FILE = "$(SRCROOT)/MyChatApp/Resources/Info.plist";
				LD_RUNPATH_SEARCH_PATHS = (
					"$(inherited)",
					"@executable_path/Frameworks",
				);
				PRODUCT_BUNDLE_IDENTIFIER = com.jinuman.MyChatApp;
				PRODUCT_NAME = "$(TARGET_NAME)";
				SWIFT_VERSION = 5.0;
				TARGETED_DEVICE_FAMILY = "1,2";
			};
			name = Debug;
		};
		369ABF5E220E8E1D00363286 /* Release */ = {
			isa = XCBuildConfiguration;
			baseConfigurationReference = E5767A2A676F327CE073283D /* Pods-MyChatApp.release.xcconfig */;
			buildSettings = {
				ASSETCATALOG_COMPILER_APPICON_NAME = AppIcon;
				CODE_SIGN_STYLE = Automatic;
				DEVELOPMENT_TEAM = K27KLZMF6K;
				INFOPLIST_FILE = "$(SRCROOT)/MyChatApp/Resources/Info.plist";
				LD_RUNPATH_SEARCH_PATHS = (
					"$(inherited)",
					"@executable_path/Frameworks",
				);
				PRODUCT_BUNDLE_IDENTIFIER = com.jinuman.MyChatApp;
				PRODUCT_NAME = "$(TARGET_NAME)";
				SWIFT_VERSION = 5.0;
				TARGETED_DEVICE_FAMILY = "1,2";
			};
			name = Release;
		};
/* End XCBuildConfiguration section */

/* Begin XCConfigurationList section */
		369ABF45220E8E1D00363286 /* Build configuration list for PBXProject "MyChatApp" */ = {
			isa = XCConfigurationList;
			buildConfigurations = (
				369ABF5A220E8E1D00363286 /* Debug */,
				369ABF5B220E8E1D00363286 /* Release */,
			);
			defaultConfigurationIsVisible = 0;
			defaultConfigurationName = Release;
		};
		369ABF5C220E8E1D00363286 /* Build configuration list for PBXNativeTarget "MyChatApp" */ = {
			isa = XCConfigurationList;
			buildConfigurations = (
				369ABF5D220E8E1D00363286 /* Debug */,
				369ABF5E220E8E1D00363286 /* Release */,
			);
			defaultConfigurationIsVisible = 0;
			defaultConfigurationName = Release;
		};
/* End XCConfigurationList section */
	};
	rootObject = 369ABF42220E8E1D00363286 /* Project object */;
}
